Microsoft Visual Studio Solution File, Format Version 12.00
# Visual Studio Version 17
VisualStudioVersion = 17.0.31717.71
MinimumVisualStudioVersion = 10.0.40219.1
Project("{9A19103F-16F7-4668-BE54-9A1E7A4F7556}") = "Financr", "Financr\Financr.csproj", "{3D9DB957-FA09-4C90-A747-80D807AC79C4}"
EndProject
Project("{9A19103F-16F7-4668-BE54-9A1E7A4F7556}") = "Financr.Tests", "Financr.Tests\Financr.Tests.csproj", "{1C6B3500-6F58-4BD5-8648-FE1960CA716A}"
EndProject
Project("{2150E333-8FDC-42A3-9474-1A3956D46DE8}") = "SolutionFiles", "SolutionFiles", "{822C4AAE-A1B1-4601-8E9D-E2455F4237B2}"
	ProjectSection(SolutionItems) = preProject
		.gitignore = .gitignore
		.github\workflows\main.yml = .github\workflows\main.yml
		README.md = README.md
	EndProjectSection
EndProject
Global
	GlobalSection(SolutionConfigurationPlatforms) = preSolution
		Debug|Any CPU = Debug|Any CPU
		Release|Any CPU = Release|Any CPU
	EndGlobalSection
	GlobalSection(ProjectConfigurationPlatforms) = postSolution
		{3D9DB957-FA09-4C90-A747-80D807AC79C4}.Debug|Any CPU.ActiveCfg = Debug|Any CPU
		{3D9DB957-FA09-4C90-A747-80D807AC79C4}.Debug|Any CPU.Build.0 = Debug|Any CPU
		{3D9DB957-FA09-4C90-A747-80D807AC79C4}.Release|Any CPU.ActiveCfg = Release|Any CPU
		{3D9DB957-FA09-4C90-A747-80D807AC79C4}.Release|Any CPU.Build.0 = Release|Any CPU
		{1C6B3500-6F58-4BD5-8648-FE1960CA716A}.Debug|Any CPU.ActiveCfg = Debug|Any CPU
		{1C6B3500-6F58-4BD5-8648-FE1960CA716A}.Debug|Any CPU.Build.0 = Debug|Any CPU
		{1C6B3500-6F58-4BD5-8648-FE1960CA716A}.Release|Any CPU.ActiveCfg = Release|Any CPU
		{1C6B3500-6F58-4BD5-8648-FE1960CA716A}.Release|Any CPU.Build.0 = Release|Any CPU
	EndGlobalSection
	GlobalSection(SolutionProperties) = preSolution
		HideSolutionNode = FALSE
	EndGlobalSection
	GlobalSection(ExtensibilityGlobals) = postSolution
		SolutionGuid = {C1424E8C-A4F2-4AE1-9066-AF60D3694134}
	EndGlobalSection
EndGlobal
